<?xml version="1.0" encoding="utf-8"?>
<Project ToolsVersion="4.0" xmlns="http://schemas.microsoft.com/developer/msbuild/2003">
  <ItemGroup>
    <Filter Include="source">
      <UniqueIdentifier>{86d4d408-2c57-4f5c-8980-c75b37a68cb3}</UniqueIdentifier>
    </Filter>
    <Filter Include="nitro">
      <UniqueIdentifier>{60292567-3241-4bae-b687-ea42f79533d4}</UniqueIdentifier>
    </Filter>
    <Filter Include="build">
      <UniqueIdentifier>{746e972a-1933-4ee1-9ed2-9a829e27d810}</UniqueIdentifier>
    </Filter>
  </ItemGroup>
  <ItemGroup>
    <ClCompile Include="source\main.cpp">
      <Filter>source</Filter>
    </ClCompile>
  </ItemGroup>
  <ItemGroup>
    <None Include="Makefile" />
    <None Include="nitro\script.txt">
      <Filter>nitro</Filter>
    </None>
  </ItemGroup>
</Project>